// !$*UTF8*$!
{
	archiveVersion = 1;
	classes = {
	};
	objectVersion = 50;
	objects = {

/* Begin PBXBuildFile section */
		7589156E243F2F7800E2B2C4 /* AppDelegate.swift in Sources */ = {isa = PBXBuildFile; fileRef = 7589156D243F2F7800E2B2C4 /* AppDelegate.swift */; };
		75891570243F2F7800E2B2C4 /* SceneDelegate.swift in Sources */ = {isa = PBXBuildFile; fileRef = 7589156F243F2F7800E2B2C4 /* SceneDelegate.swift */; };
		75891572243F2F7800E2B2C4 /* ViewController.swift in Sources */ = {isa = PBXBuildFile; fileRef = 75891571243F2F7800E2B2C4 /* ViewController.swift */; };
		75891575243F2F7800E2B2C4 /* Main.storyboard in Resources */ = {isa = PBXBuildFile; fileRef = 75891573243F2F7800E2B2C4 /* Main.storyboard */; };
		75891577243F2F7D00E2B2C4 /* Assets.xcassets in Resources */ = {isa = PBXBuildFile; fileRef = 75891576243F2F7D00E2B2C4 /* Assets.xcassets */; };
		7589157A243F2F7D00E2B2C4 /* LaunchScreen.storyboard in Resources */ = {isa = PBXBuildFile; fileRef = 75891578243F2F7D00E2B2C4 /* LaunchScreen.storyboard */; };
		75891582243F2FE900E2B2C4 /* UINavigationItem+Extensions.swift in Sources */ = {isa = PBXBuildFile; fileRef = 75891581243F2FE900E2B2C4 /* UINavigationItem+Extensions.swift */; };
/* End PBXBuildFile section */

/* Begin PBXFileReference section */
		7589156A243F2F7800E2B2C4 /* TTT_NavBarTitleSubtitle.app */ = {isa = PBXFileReference; explicitFileType = wrapper.application; includeInIndex = 0; path = TTT_NavBarTitleSubtitle.app; sourceTree = BUILT_PRODUCTS_DIR; };
		7589156D243F2F7800E2B2C4 /* AppDelegate.swift */ = {isa = PBXFileReference; lastKnownFileType = sourcecode.swift; path = AppDelegate.swift; sourceTree = "<group>"; };
		7589156F243F2F7800E2B2C4 /* SceneDelegate.swift */ = {isa = PBXFileReference; lastKnownFileType = sourcecode.swift; path = SceneDelegate.swift; sourceTree = "<group>"; };
		75891571243F2F7800E2B2C4 /* ViewController.swift */ = {isa = PBXFileReference; lastKnownFileType = sourcecode.swift; path = ViewController.swift; sourceTree = "<group>"; };
		75891574243F2F7800E2B2C4 /* Base */ = {isa = PBXFileReference; lastKnownFileType = file.storyboard; name = Base; path = Base.lproj/Main.storyboard; sourceTree = "<group>"; };
		75891576243F2F7D00E2B2C4 /* Assets.xcassets */ = {isa = PBXFileReference; lastKnownFileType = folder.assetcatalog; path = Assets.xcassets; sourceTree = "<group>"; };
		75891579243F2F7D00E2B2C4 /* Base */ = {isa = PBXFileReference; lastKnownFileType = file.storyboard; name = Base; path = Base.lproj/LaunchScreen.storyboard; sourceTree = "<group>"; };
		7589157B243F2F7D00E2B2C4 /* Info.plist */ = {isa = PBXFileReference; lastKnownFileType = text.plist.xml; path = Info.plist; sourceTree = "<group>"; };
		75891581243F2FE900E2B2C4 /* UINavigationItem+Extensions.swift */ = {isa = PBXFileReference; lastKnownFileType = sourcecode.swift; path = "UINavigationItem+Extensions.swift"; sourceTree = "<group>"; };
/* End PBXFileReference section */

/* Begin PBXFrameworksBuildPhase section */
		75891567243F2F7800E2B2C4 /* Frameworks */ = {
			isa = PBXFrameworksBuildPhase;
			buildActionMask = 2147483647;
			files = (
			);
			runOnlyForDeploymentPostprocessing = 0;
		};
/* End PBXFrameworksBuildPhase section */

/* Begin PBXGroup section */
		75891561243F2F7700E2B2C4 = {
			isa = PBXGroup;
			children = (
				7589156C243F2F7800E2B2C4 /* TTT_NavBarTitleSubtitle */,
				7589156B243F2F7800E2B2C4 /* Products */,
			);
			sourceTree = "<group>";
		};
		7589156B243F2F7800E2B2C4 /* Products */ = {
			isa = PBXGroup;
			children = (
				7589156A243F2F7800E2B2C4 /* TTT_NavBarTitleSubtitle.app */,
			);
			name = Products;
			sourceTree = "<group>";
		};
		7589156C243F2F7800E2B2C4 /* TTT_NavBarTitleSubtitle */ = {
			isa = PBXGroup;
			children = (
				7589156D243F2F7800E2B2C4 /* AppDelegate.swift */,
				7589156F243F2F7800E2B2C4 /* SceneDelegate.swift */,
				75891571243F2F7800E2B2C4 /* ViewController.swift */,
				75891573243F2F7800E2B2C4 /* Main.storyboard */,
				75891576243F2F7D00E2B2C4 /* Assets.xcassets */,
				75891578243F2F7D00E2B2C4 /* LaunchScreen.storyboard */,
				7589157B243F2F7D00E2B2C4 /* Info.plist */,
				75891581243F2FE900E2B2C4 /* UINavigationItem+Extensions.swift */,
			);
			path = TTT_NavBarTitleSubtitle;
			sourceTree = "<group>";
		};
/* End PBXGroup section */

/* Begin PBXNativeTarget section */
		75891569243F2F7800E2B2C4 /* TTT_NavBarTitleSubtitle */ = {
			isa = PBXNativeTarget;
			buildConfigurationList = 7589157E243F2F7D00E2B2C4 /* Build configuration list for PBXNativeTarget "TTT_NavBarTitleSubtitle" */;
			buildPhases = (
				75891566243F2F7800E2B2C4 /* Sources */,
				75891567243F2F7800E2B2C4 /* Frameworks */,
				75891568243F2F7800E2B2C4 /* Resources */,
			);
			buildRules = (
			);
			dependencies = (
			);
			name = TTT_NavBarTitleSubtitle;
			productName = TTT_NavBarTitleSubtitle;
			productReference = 7589156A243F2F7800E2B2C4 /* TTT_NavBarTitleSubtitle.app */;
			productType = "com.apple.product-type.application";
		};
/* End PBXNativeTarget section */

/* Begin PBXProject section */
		75891562243F2F7700E2B2C4 /* Project object */ = {
			isa = PBXProject;
			attributes = {
				LastSwiftUpdateCheck = 1140;
				LastUpgradeCheck = 1140;
				ORGANIZATIONNAME = Kavisha;
				TargetAttributes = {
					75891569243F2F7800E2B2C4 = {
						CreatedOnToolsVersion = 11.4;
					};
				};
			};
			buildConfigurationList = 75891565243F2F7800E2B2C4 /* Build configuration list for PBXProject "TTT_NavBarTitleSubtitle" */;
			compatibilityVersion = "Xcode 9.3";
			developmentRegion = en;
			hasScannedForEncodings = 0;
			knownRegions = (
				en,
				Base,
			);
			mainGroup = 75891561243F2F7700E2B2C4;
			productRefGroup = 7589156B243F2F7800E2B2C4 /* Products */;
			projectDirPath = "";
			projectRoot = "";
			targets = (
				75891569243F2F7800E2B2C4 /* TTT_NavBarTitleSubtitle */,
			);
		};
/* End PBXProject section */

/* Begin PBXResourcesBuildPhase section */
		75891568243F2F7800E2B2C4 /* Resources */ = {
			isa = PBXResourcesBuildPhase;
			buildActionMask = 2147483647;
			files = (
				7589157A243F2F7D00E2B2C4 /* LaunchScreen.storyboard in Resources */,
				75891577243F2F7D00E2B2C4 /* Assets.xcassets in Resources */,
				75891575243F2F7800E2B2C4 /* Main.storyboard in Resources */,
			);
			runOnlyForDeploymentPostprocessing = 0;
		};
/* End PBXResourcesBuildPhase section */

/* Begin PBXSourcesBuildPhase section */
		75891566243F2F7800E2B2C4 /* Sources */ = {
			isa = PBXSourcesBuildPhase;
			buildActionMask = 2147483647;
			files = (
				75891582243F2FE900E2B2C4 /* UINavigationItem+Extensions.swift in Sources */,
				75891572243F2F7800E2B2C4 /* ViewController.swift in Sources */,
				7589156E243F2F7800E2B2C4 /* AppDelegate.swift in Sources */,
				75891570243F2F7800E2B2C4 /* SceneDelegate.swift in Sources */,
			);
			runOnlyForDeploymentPostprocessing = 0;
		};
/* End PBXSourcesBuildPhase section */

/* Begin PBXVariantGroup section */
		75891573243F2F7800E2B2C4 /* Main.storyboard */ = {
			isa = PBXVariantGroup;
			children = (
				75891574243F2F7800E2B2C4 /* Base */,
			);
			name = Main.storyboard;
			sourceTree = "<group>";
		};
		75891578243F2F7D00E2B2C4 /* LaunchScreen.storyboard */ = {
			isa = PBXVariantGroup;
			children = (
				75891579243F2F7D00E2B2C4 /* Base */,
			);
			name = LaunchScreen.storyboard;
			sourceTree = "<group>";
		};
/* End PBXVariantGroup section */

/* Begin XCBuildConfiguration section */
		7589157C243F2F7D00E2B2C4 /* Debug */ = {
			isa = XCBuildConfiguration;
			buildSettings = {
				ALWAYS_SEARCH_USER_PATHS = NO;
				CLANG_ANALYZER_NONNULL = YES;
				CLANG_ANALYZER_NUMBER_OBJECT_CONVERSION = YES_AGGRESSIVE;
				CLANG_CXX_LANGUAGE_STANDARD = "gnu++14";
				CLANG_CXX_LIBRARY = "libc++";
				CLANG_ENABLE_MODULES = YES;
				CLANG_ENABLE_OBJC_ARC = YES;
				CLANG_ENABLE_OBJC_WEAK = YES;
				CLANG_WARN_BLOCK_CAPTURE_AUTORELEASING = YES;
				CLANG_WARN_BOOL_CONVERSION = YES;
				CLANG_WARN_COMMA = YES;
				CLANG_WARN_CONSTANT_CONVERSION = YES;
				CLANG_WARN_DEPRECATED_OBJC_IMPLEMENTATIONS = YES;
				CLANG_WARN_DIRECT_OBJC_ISA_USAGE = YES_ERROR;
				CLANG_WARN_DOCUMENTATION_COMMENTS = YES;
				CLANG_WARN_EMPTY_BODY = YES;
				CLANG_WARN_ENUM_CONVERSION = YES;
				CLANG_WARN_INFINITE_RECURSION = YES;
				CLANG_WARN_INT_CONVERSION = YES;
				CLANG_WARN_NON_LITERAL_NULL_CONVERSION = YES;
				CLANG_WARN_OBJC_IMPLICIT_RETAIN_SELF = YES;
				CLANG_WARN_OBJC_LITERAL_CONVERSION = YES;
				CLANG_WARN_OBJC_ROOT_CLASS = YES_ERROR;
				CLANG_WARN_RANGE_LOOP_ANALYSIS = YES;
				CLANG_WARN_STRICT_PROTOTYPES = YES;
				CLANG_WARN_SUSPICIOUS_MOVE = YES;
				CLANG_WARN_UNGUARDED_AVAILABILITY = YES_AGGRESSIVE;
				CLANG_WARN_UNREACHABLE_CODE = YES;
				CLANG_WARN__DUPLICATE_METHOD_MATCH = YES;
				COPY_PHASE_STRIP = NO;
				DEBUG_INFORMATION_FORMAT = dwarf;
				ENABLE_STRICT_OBJC_MSGSEND = YES;
				ENABLE_TESTABILITY = YES;
				GCC_C_LANGUAGE_STANDARD = gnu11;
				GCC_DYNAMIC_NO_PIC = NO;
				GCC_NO_COMMON_BLOCKS = YES;
				GCC_OPTIMIZATION_LEVEL = 0;
				GCC_PREPROCESSOR_DEFINITIONS = (
					"DEBUG=1",
					"$(inherited)",
				);
				GCC_WARN_64_TO_32_BIT_CONVERSION = YES;
				GCC_WARN_ABOUT_RETURN_TYPE = YES_ERROR;
				GCC_WARN_UNDECLARED_SELECTOR = YES;
				GCC_WARN_UNINITIALIZED_AUTOS = YES_AGGRESSIVE;
				GCC_WARN_UNUSED_FUNCTION = YES;
				GCC_WARN_UNUSED_VARIABLE = YES;
				IPHONEOS_DEPLOYMENT_TARGET = 13.4;
				MTL_ENABLE_DEBUG_INFO = INCLUDE_SOURCE;
				MTL_FAST_MATH = YES;
				ONLY_ACTIVE_ARCH = YES;
				SDKROOT = iphoneos;
				SWIFT_ACTIVE_COMPILATION_CONDITIONS = DEBUG;
				SWIFT_OPTIMIZATION_LEVEL = "-Onone";
			};
			name = Debug;
		};
		7589157D243F2F7D00E2B2C4 /* Release */ = {
			isa = XCBuildConfiguration;
			buildSettings = {
				ALWAYS_SEARCH_USER_PATHS = NO;
				CLANG_ANALYZER_NONNULL = YES;
				CLANG_ANALYZER_NUMBER_OBJECT_CONVERSION = YES_AGGRESSIVE;
				CLANG_CXX_LANGUAGE_STANDARD = "gnu++14";
				CLANG_CXX_LIBRARY = "libc++";
				CLANG_ENABLE_MODULES = YES;
				CLANG_ENABLE_OBJC_ARC = YES;
				CLANG_ENABLE_OBJC_WEAK = YES;
				CLANG_WARN_BLOCK_CAPTURE_AUTORELEASING = YES;
				CLANG_WARN_BOOL_CONVERSION = YES;
				CLANG_WARN_COMMA = YES;
				CLANG_WARN_CONSTANT_CONVERSION = YES;
				CLANG_WARN_DEPRECATED_OBJC_IMPLEMENTATIONS = YES;
				CLANG_WARN_DIRECT_OBJC_ISA_USAGE = YES_ERROR;
				CLANG_WARN_DOCUMENTATION_COMMENTS = YES;
				CLANG_WARN_EMPTY_BODY = YES;
				CLANG_WARN_ENUM_CONVERSION = YES;
				CLANG_WARN_INFINITE_RECURSION = YES;
				CLANG_WARN_INT_CONVERSION = YES;
				CLANG_WARN_NON_LITERAL_NULL_CONVERSION = YES;
				CLANG_WARN_OBJC_IMPLICIT_RETAIN_SELF = YES;
				CLANG_WARN_OBJC_LITERAL_CONVERSION = YES;
				CLANG_WARN_OBJC_ROOT_CLASS = YES_ERROR;
				CLANG_WARN_RANGE_LOOP_ANALYSIS = YES;
				CLANG_WARN_STRICT_PROTOTYPES = YES;
				CLANG_WARN_SUSPICIOUS_MOVE = YES;
				CLANG_WARN_UNGUARDED_AVAILABILITY = YES_AGGRESSIVE;
				CLANG_WARN_UNREACHABLE_CODE = YES;
				CLANG_WARN__DUPLICATE_METHOD_MATCH = YES;
				COPY_PHASE_STRIP = NO;
				DEBUG_INFORMATION_FORMAT = "dwarf-with-dsym";
				ENABLE_NS_ASSERTIONS = NO;
				ENABLE_STRICT_OBJC_MSGSEND = YES;
				GCC_C_LANGUAGE_STANDARD = gnu11;
				GCC_NO_COMMON_BLOCKS = YES;
				GCC_WARN_64_TO_32_BIT_CONVERSION = YES;
				GCC_WARN_ABOUT_RETURN_TYPE = YES_ERROR;
				GCC_WARN_UNDECLARED_SELECTOR = YES;
				GCC_WARN_UNINITIALIZED_AUTOS = YES_AGGRESSIVE;
				GCC_WARN_UNUSED_FUNCTION = YES;
				GCC_WARN_UNUSED_VARIABLE = YES;
				IPHONEOS_DEPLOYMENT_TARGET = 13.4;
				MTL_ENABLE_DEBUG_INFO = NO;
				MTL_FAST_MATH = YES;
				SDKROOT = iphoneos;
				SWIFT_COMPILATION_MODE = wholemodule;
				SWIFT_OPTIMIZATION_LEVEL = "-O";
				VALIDATE_PRODUCT = YES;
			};
			name = Release;
		};
		7589157F243F2F7D00E2B2C4 /* Debug */ = {
			isa = XCBuildConfiguration;
			buildSettings = {
				ASSETCATALOG_COMPILER_APPICON_NAME = AppIcon;
				CODE_SIGN_STYLE = Automatic;
				DEVELOPMENT_TEAM = 28S944C5QK;
				INFOPLIST_FILE = TTT_NavBarTitleSubtitle/Info.plist;
				LD_RUNPATH_SEARCH_PATHS = (
					"$(inherited)",
					"@executable_path/Frameworks",
				);
				PRODUCT_BUNDLE_IDENTIFIER = "org.soka.TTT-NavBarTitleSubtitle";
				PRODUCT_NAME = "$(TARGET_NAME)";
				SWIFT_VERSION = 5.0;
				TARGETED_DEVICE_FAMILY = "1,2";
			};
			name = Debug;
		};
		75891580243F2F7D00E2B2C4 /* Release */ = {
			isa = XCBuildConfiguration;
			buildSettings = {
				ASSETCATALOG_COMPILER_APPICON_NAME = AppIcon;
				CODE_SIGN_STYLE = Automatic;
				DEVELOPMENT_TEAM = 28S944C5QK;
				INFOPLIST_FILE = TTT_NavBarTitleSubtitle/Info.plist;
				LD_RUNPATH_SEARCH_PATHS = (
					"$(inherited)",
					"@executable_path/Frameworks",
				);
				PRODUCT_BUNDLE_IDENTIFIER = "org.soka.TTT-NavBarTitleSubtitle";
				PRODUCT_NAME = "$(TARGET_NAME)";
				SWIFT_VERSION = 5.0;
				TARGETED_DEVICE_FAMILY = "1,2";
			};
			name = Release;
		};
/* End XCBuildConfiguration section */

/* Begin XCConfigurationList section */
		75891565243F2F7800E2B2C4 /* Build configuration list for PBXProject "TTT_NavBarTitleSubtitle" */ = {
			isa = XCConfigurationList;
			buildConfigurations = (
				7589157C243F2F7D00E2B2C4 /* Debug */,
				7589157D243F2F7D00E2B2C4 /* Release */,
			);
			defaultConfigurationIsVisible = 0;
			defaultConfigurationName = Release;
		};
		7589157E243F2F7D00E2B2C4 /* Build configuration list for PBXNativeTarget "TTT_NavBarTitleSubtitle" */ = {
			isa = XCConfigurationList;
			buildConfigurations = (
				7589157F243F2F7D00E2B2C4 /* Debug */,
				75891580243F2F7D00E2B2C4 /* Release */,
			);
			defaultConfigurationIsVisible = 0;
			defaultConfigurationName = Release;
		};
/* End XCConfigurationList section */
	};
	rootObject = 75891562243F2F7700E2B2C4 /* Project object */;
}
